
Microsoft Visual Studio Solution File, Format Version 12.00
# Visual Studio Version 16
VisualStudioVersion = 16.0.30320.27
MinimumVisualStudioVersion = 10.0.40219.1
Project("{FAE04EC0-301F-11D3-BF4B-00C04F79EFBC}") = "RestaurantWebApp", "RestaurantWebApp.csproj", "{9DE193C9-2D47-4FEE-ABFF-3689E5843884}"
EndProject
Global
	GlobalSection(SolutionConfigurationPlatforms) = preSolution
		Debug|Any CPU = Debug|Any CPU
		Release|Any CPU = Release|Any CPU
	EndGlobalSection
	GlobalSection(ProjectConfigurationPlatforms) = postSolution
		{9DE193C9-2D47-4FEE-ABFF-3689E5843884}.Debug|Any CPU.ActiveCfg = Debug|Any CPU
		{9DE193C9-2D47-4FEE-ABFF-3689E5843884}.Debug|Any CPU.Build.0 = Debug|Any CPU
		{9DE193C9-2D47-4FEE-ABFF-3689E5843884}.Release|Any CPU.ActiveCfg = Release|Any CPU
		{9DE193C9-2D47-4FEE-ABFF-3689E5843884}.Release|Any CPU.Build.0 = Release|Any CPU
	EndGlobalSection
	GlobalSection(SolutionProperties) = preSolution
		HideSolutionNode = FALSE
	EndGlobalSection
	GlobalSection(ExtensibilityGlobals) = postSolution
		SolutionGuid = {1548BBAF-657A-43A3-B00C-18AF24AB0A62}
	EndGlobalSection
EndGlobal
